
Microsoft Visual Studio Solution File, Format Version 12.00
# Visual Studio Version 16
VisualStudioVersion = 16.0.30225.117
MinimumVisualStudioVersion = 10.0.40219.1
Project("{FAE04EC0-301F-11D3-BF4B-00C04F79EFBC}") = "01.08.2020", "01.08.2020\01.08.2020.csproj", "{AF4E69E7-516C-495A-AD24-3DCCC92F8822}"
EndProject
Global
	GlobalSection(SolutionConfigurationPlatforms) = preSolution
		Debug|Any CPU = Debug|Any CPU
		Release|Any CPU = Release|Any CPU
	EndGlobalSection
	GlobalSection(ProjectConfigurationPlatforms) = postSolution
		{AF4E69E7-516C-495A-AD24-3DCCC92F8822}.Debug|Any CPU.ActiveCfg = Debug|Any CPU
		{AF4E69E7-516C-495A-AD24-3DCCC92F8822}.Debug|Any CPU.Build.0 = Debug|Any CPU
		{AF4E69E7-516C-495A-AD24-3DCCC92F8822}.Release|Any CPU.ActiveCfg = Release|Any CPU
		{AF4E69E7-516C-495A-AD24-3DCCC92F8822}.Release|Any CPU.Build.0 = Release|Any CPU
	EndGlobalSection
	GlobalSection(SolutionProperties) = preSolution
		HideSolutionNode = FALSE
	EndGlobalSection
	GlobalSection(ExtensibilityGlobals) = postSolution
		SolutionGuid = {4558D373-55BC-479E-A7B1-23CCA21A2DDC}
	EndGlobalSection
EndGlobal
